
Microsoft Visual Studio Solution File, Format Version 12.00
# Visual Studio Version 16
VisualStudioVersion = 16.0.30907.101
MinimumVisualStudioVersion = 10.0.40219.1
Project("{9A19103F-16F7-4668-BE54-9A1E7A4F7556}") = "WebUI", "WebUI\WebUI.csproj", "{F6E3D5FA-3ED7-4E58-9830-6CB5BAB27933}"
EndProject
Project("{2150E333-8FDC-42A3-9474-1A3956D46DE8}") = "Applications", "Applications", "{A1ECC5F2-D7B5-4D21-9DF2-AE30E658C652}"
EndProject
Project("{2150E333-8FDC-42A3-9474-1A3956D46DE8}") = "Interfaces", "Interfaces", "{42E6B0A1-735F-4B46-B161-38B1A6E85534}"
EndProject
Project("{2150E333-8FDC-42A3-9474-1A3956D46DE8}") = "Middlewares", "Middlewares", "{82809C74-763C-4060-8108-0BC468C062F5}"
EndProject
Project("{2150E333-8FDC-42A3-9474-1A3956D46DE8}") = "Libraries", "Libraries", "{866B0DF3-AD65-41E8-A36F-BCEBB285944F}"
EndProject
Project("{9A19103F-16F7-4668-BE54-9A1E7A4F7556}") = "Business", "Business\Business.csproj", "{3BC70F49-8301-4D7A-8A5F-111362804988}"
EndProject
Project("{9A19103F-16F7-4668-BE54-9A1E7A4F7556}") = "DataLayer", "DataLayer\DataLayer.csproj", "{87111E5A-A2E5-46A5-B8FD-DEE3B7952136}"
EndProject
Project("{FAE04EC0-301F-11D3-BF4B-00C04F79EFBC}") = "Entities", "Entities\Entities.csproj", "{34060A54-0949-4791-847F-7AB391C9B556}"
EndProject
Project("{FAE04EC0-301F-11D3-BF4B-00C04F79EFBC}") = "WebMW", "WebMW\WebMW.csproj", "{16A1716A-259E-466D-AE51-42E1F0F04420}"
EndProject
Project("{FAE04EC0-301F-11D3-BF4B-00C04F79EFBC}") = "ResponseStates", "ResponseStates\ResponseStates.csproj", "{8B272126-3D12-46A1-A50F-CAD74A39395E}"
EndProject
Global
	GlobalSection(SolutionConfigurationPlatforms) = preSolution
		Debug|Any CPU = Debug|Any CPU
		Release|Any CPU = Release|Any CPU
	EndGlobalSection
	GlobalSection(ProjectConfigurationPlatforms) = postSolution
		{F6E3D5FA-3ED7-4E58-9830-6CB5BAB27933}.Debug|Any CPU.ActiveCfg = Debug|Any CPU
		{F6E3D5FA-3ED7-4E58-9830-6CB5BAB27933}.Debug|Any CPU.Build.0 = Debug|Any CPU
		{F6E3D5FA-3ED7-4E58-9830-6CB5BAB27933}.Release|Any CPU.ActiveCfg = Release|Any CPU
		{F6E3D5FA-3ED7-4E58-9830-6CB5BAB27933}.Release|Any CPU.Build.0 = Release|Any CPU
		{3BC70F49-8301-4D7A-8A5F-111362804988}.Debug|Any CPU.ActiveCfg = Debug|Any CPU
		{3BC70F49-8301-4D7A-8A5F-111362804988}.Debug|Any CPU.Build.0 = Debug|Any CPU
		{3BC70F49-8301-4D7A-8A5F-111362804988}.Release|Any CPU.ActiveCfg = Release|Any CPU
		{3BC70F49-8301-4D7A-8A5F-111362804988}.Release|Any CPU.Build.0 = Release|Any CPU
		{87111E5A-A2E5-46A5-B8FD-DEE3B7952136}.Debug|Any CPU.ActiveCfg = Debug|Any CPU
		{87111E5A-A2E5-46A5-B8FD-DEE3B7952136}.Debug|Any CPU.Build.0 = Debug|Any CPU
		{87111E5A-A2E5-46A5-B8FD-DEE3B7952136}.Release|Any CPU.ActiveCfg = Release|Any CPU
		{87111E5A-A2E5-46A5-B8FD-DEE3B7952136}.Release|Any CPU.Build.0 = Release|Any CPU
		{34060A54-0949-4791-847F-7AB391C9B556}.Debug|Any CPU.ActiveCfg = Debug|Any CPU
		{34060A54-0949-4791-847F-7AB391C9B556}.Debug|Any CPU.Build.0 = Debug|Any CPU
		{34060A54-0949-4791-847F-7AB391C9B556}.Release|Any CPU.ActiveCfg = Release|Any CPU
		{34060A54-0949-4791-847F-7AB391C9B556}.Release|Any CPU.Build.0 = Release|Any CPU
		{16A1716A-259E-466D-AE51-42E1F0F04420}.Debug|Any CPU.ActiveCfg = Debug|Any CPU
		{16A1716A-259E-466D-AE51-42E1F0F04420}.Debug|Any CPU.Build.0 = Debug|Any CPU
		{16A1716A-259E-466D-AE51-42E1F0F04420}.Release|Any CPU.ActiveCfg = Release|Any CPU
		{16A1716A-259E-466D-AE51-42E1F0F04420}.Release|Any CPU.Build.0 = Release|Any CPU
		{8B272126-3D12-46A1-A50F-CAD74A39395E}.Debug|Any CPU.ActiveCfg = Debug|Any CPU
		{8B272126-3D12-46A1-A50F-CAD74A39395E}.Debug|Any CPU.Build.0 = Debug|Any CPU
		{8B272126-3D12-46A1-A50F-CAD74A39395E}.Release|Any CPU.ActiveCfg = Release|Any CPU
		{8B272126-3D12-46A1-A50F-CAD74A39395E}.Release|Any CPU.Build.0 = Release|Any CPU
	EndGlobalSection
	GlobalSection(SolutionProperties) = preSolution
		HideSolutionNode = FALSE
	EndGlobalSection
	GlobalSection(NestedProjects) = preSolution
		{F6E3D5FA-3ED7-4E58-9830-6CB5BAB27933} = {42E6B0A1-735F-4B46-B161-38B1A6E85534}
		{42E6B0A1-735F-4B46-B161-38B1A6E85534} = {A1ECC5F2-D7B5-4D21-9DF2-AE30E658C652}
		{82809C74-763C-4060-8108-0BC468C062F5} = {A1ECC5F2-D7B5-4D21-9DF2-AE30E658C652}
		{3BC70F49-8301-4D7A-8A5F-111362804988} = {866B0DF3-AD65-41E8-A36F-BCEBB285944F}
		{87111E5A-A2E5-46A5-B8FD-DEE3B7952136} = {866B0DF3-AD65-41E8-A36F-BCEBB285944F}
		{34060A54-0949-4791-847F-7AB391C9B556} = {866B0DF3-AD65-41E8-A36F-BCEBB285944F}
		{16A1716A-259E-466D-AE51-42E1F0F04420} = {82809C74-763C-4060-8108-0BC468C062F5}
		{8B272126-3D12-46A1-A50F-CAD74A39395E} = {866B0DF3-AD65-41E8-A36F-BCEBB285944F}
	EndGlobalSection
	GlobalSection(ExtensibilityGlobals) = postSolution
		SolutionGuid = {73E8174F-0FB6-45DF-AD3F-522257C9508E}
	EndGlobalSection
EndGlobal
